
Microsoft Visual Studio Solution File, Format Version 12.00
# Visual Studio 15
VisualStudioVersion = 15.0.26430.12
MinimumVisualStudioVersion = 10.0.40219.1
Project("{FAE04EC0-301F-11D3-BF4B-00C04F79EFBC}") = "FileCompareUtilities", "FileCompareUtilities\FileCompareUtilities.csproj", "{1012354F-AB55-4489-95BD-241759A215DD}"
EndProject
Project("{FAE04EC0-301F-11D3-BF4B-00C04F79EFBC}") = "FileCompareTester", "FileCompareTester\FileCompareTester.csproj", "{69A9810F-E0CE-4841-9954-77FD9BB25691}"
EndProject
Project("{FAE04EC0-301F-11D3-BF4B-00C04F79EFBC}") = "FileComparer", "FileComparer\FileComparer.csproj", "{76A6D011-2714-4ECF-A5C5-8B5D50581B57}"
EndProject
Project("{FAE04EC0-301F-11D3-BF4B-00C04F79EFBC}") = "FileCompareControls", "FileCompareControls\FileCompareControls.csproj", "{0A634649-2798-4772-BAD7-52460A83E5A5}"
EndProject
Project("{FAE04EC0-301F-11D3-BF4B-00C04F79EFBC}") = "Utilities", "..\..\Utilities\Utilities.csproj", "{F97CF6FE-18F3-420D-8F35-121E38C494DA}"
EndProject
Project("{FAE04EC0-301F-11D3-BF4B-00C04F79EFBC}") = "HLControls", "..\..\Controls\HLControls\HLControls.csproj", "{D7CBF9F0-6E9A-4AFC-AF24-7A9E710F5B04}"
EndProject
Global
	GlobalSection(SolutionConfigurationPlatforms) = preSolution
		Debug|Any CPU = Debug|Any CPU
		Debug|Mixed Platforms = Debug|Mixed Platforms
		Debug|x86 = Debug|x86
		Release|Any CPU = Release|Any CPU
		Release|Mixed Platforms = Release|Mixed Platforms
		Release|x86 = Release|x86
	EndGlobalSection
	GlobalSection(ProjectConfigurationPlatforms) = postSolution
		{1012354F-AB55-4489-95BD-241759A215DD}.Debug|Any CPU.ActiveCfg = Debug|Any CPU
		{1012354F-AB55-4489-95BD-241759A215DD}.Debug|Any CPU.Build.0 = Debug|Any CPU
		{1012354F-AB55-4489-95BD-241759A215DD}.Debug|Mixed Platforms.ActiveCfg = Debug|Any CPU
		{1012354F-AB55-4489-95BD-241759A215DD}.Debug|Mixed Platforms.Build.0 = Debug|Any CPU
		{1012354F-AB55-4489-95BD-241759A215DD}.Debug|x86.ActiveCfg = Debug|Any CPU
		{1012354F-AB55-4489-95BD-241759A215DD}.Release|Any CPU.ActiveCfg = Release|Any CPU
		{1012354F-AB55-4489-95BD-241759A215DD}.Release|Any CPU.Build.0 = Release|Any CPU
		{1012354F-AB55-4489-95BD-241759A215DD}.Release|Mixed Platforms.ActiveCfg = Release|Any CPU
		{1012354F-AB55-4489-95BD-241759A215DD}.Release|Mixed Platforms.Build.0 = Release|Any CPU
		{1012354F-AB55-4489-95BD-241759A215DD}.Release|x86.ActiveCfg = Release|Any CPU
		{69A9810F-E0CE-4841-9954-77FD9BB25691}.Debug|Any CPU.ActiveCfg = Debug|Any CPU
		{69A9810F-E0CE-4841-9954-77FD9BB25691}.Debug|Any CPU.Build.0 = Debug|Any CPU
		{69A9810F-E0CE-4841-9954-77FD9BB25691}.Debug|Mixed Platforms.ActiveCfg = Debug|Any CPU
		{69A9810F-E0CE-4841-9954-77FD9BB25691}.Debug|Mixed Platforms.Build.0 = Debug|Any CPU
		{69A9810F-E0CE-4841-9954-77FD9BB25691}.Debug|x86.ActiveCfg = Debug|x86
		{69A9810F-E0CE-4841-9954-77FD9BB25691}.Debug|x86.Build.0 = Debug|x86
		{69A9810F-E0CE-4841-9954-77FD9BB25691}.Release|Any CPU.ActiveCfg = Release|Any CPU
		{69A9810F-E0CE-4841-9954-77FD9BB25691}.Release|Any CPU.Build.0 = Release|Any CPU
		{69A9810F-E0CE-4841-9954-77FD9BB25691}.Release|Mixed Platforms.ActiveCfg = Release|x86
		{69A9810F-E0CE-4841-9954-77FD9BB25691}.Release|Mixed Platforms.Build.0 = Release|x86
		{69A9810F-E0CE-4841-9954-77FD9BB25691}.Release|x86.ActiveCfg = Release|x86
		{69A9810F-E0CE-4841-9954-77FD9BB25691}.Release|x86.Build.0 = Release|x86
		{76A6D011-2714-4ECF-A5C5-8B5D50581B57}.Debug|Any CPU.ActiveCfg = Debug|Any CPU
		{76A6D011-2714-4ECF-A5C5-8B5D50581B57}.Debug|Any CPU.Build.0 = Debug|Any CPU
		{76A6D011-2714-4ECF-A5C5-8B5D50581B57}.Debug|Mixed Platforms.ActiveCfg = Debug|Any CPU
		{76A6D011-2714-4ECF-A5C5-8B5D50581B57}.Debug|Mixed Platforms.Build.0 = Debug|Any CPU
		{76A6D011-2714-4ECF-A5C5-8B5D50581B57}.Debug|x86.ActiveCfg = Debug|Any CPU
		{76A6D011-2714-4ECF-A5C5-8B5D50581B57}.Release|Any CPU.ActiveCfg = Release|Any CPU
		{76A6D011-2714-4ECF-A5C5-8B5D50581B57}.Release|Any CPU.Build.0 = Release|Any CPU
		{76A6D011-2714-4ECF-A5C5-8B5D50581B57}.Release|Mixed Platforms.ActiveCfg = Release|Any CPU
		{76A6D011-2714-4ECF-A5C5-8B5D50581B57}.Release|Mixed Platforms.Build.0 = Release|Any CPU
		{76A6D011-2714-4ECF-A5C5-8B5D50581B57}.Release|x86.ActiveCfg = Release|Any CPU
		{0A634649-2798-4772-BAD7-52460A83E5A5}.Debug|Any CPU.ActiveCfg = Debug|Any CPU
		{0A634649-2798-4772-BAD7-52460A83E5A5}.Debug|Any CPU.Build.0 = Debug|Any CPU
		{0A634649-2798-4772-BAD7-52460A83E5A5}.Debug|Mixed Platforms.ActiveCfg = Debug|Any CPU
		{0A634649-2798-4772-BAD7-52460A83E5A5}.Debug|Mixed Platforms.Build.0 = Debug|Any CPU
		{0A634649-2798-4772-BAD7-52460A83E5A5}.Debug|x86.ActiveCfg = Debug|Any CPU
		{0A634649-2798-4772-BAD7-52460A83E5A5}.Release|Any CPU.ActiveCfg = Release|Any CPU
		{0A634649-2798-4772-BAD7-52460A83E5A5}.Release|Any CPU.Build.0 = Release|Any CPU
		{0A634649-2798-4772-BAD7-52460A83E5A5}.Release|Mixed Platforms.ActiveCfg = Release|Any CPU
		{0A634649-2798-4772-BAD7-52460A83E5A5}.Release|Mixed Platforms.Build.0 = Release|Any CPU
		{0A634649-2798-4772-BAD7-52460A83E5A5}.Release|x86.ActiveCfg = Release|Any CPU
		{F97CF6FE-18F3-420D-8F35-121E38C494DA}.Debug|Any CPU.ActiveCfg = Debug|Any CPU
		{F97CF6FE-18F3-420D-8F35-121E38C494DA}.Debug|Any CPU.Build.0 = Debug|Any CPU
		{F97CF6FE-18F3-420D-8F35-121E38C494DA}.Debug|Mixed Platforms.ActiveCfg = Debug|Any CPU
		{F97CF6FE-18F3-420D-8F35-121E38C494DA}.Debug|Mixed Platforms.Build.0 = Debug|Any CPU
		{F97CF6FE-18F3-420D-8F35-121E38C494DA}.Debug|x86.ActiveCfg = Debug|Any CPU
		{F97CF6FE-18F3-420D-8F35-121E38C494DA}.Release|Any CPU.ActiveCfg = Release|Any CPU
		{F97CF6FE-18F3-420D-8F35-121E38C494DA}.Release|Any CPU.Build.0 = Release|Any CPU
		{F97CF6FE-18F3-420D-8F35-121E38C494DA}.Release|Mixed Platforms.ActiveCfg = Release|Any CPU
		{F97CF6FE-18F3-420D-8F35-121E38C494DA}.Release|Mixed Platforms.Build.0 = Release|Any CPU
		{F97CF6FE-18F3-420D-8F35-121E38C494DA}.Release|x86.ActiveCfg = Release|Any CPU
		{D7CBF9F0-6E9A-4AFC-AF24-7A9E710F5B04}.Debug|Any CPU.ActiveCfg = Debug|Any CPU
		{D7CBF9F0-6E9A-4AFC-AF24-7A9E710F5B04}.Debug|Any CPU.Build.0 = Debug|Any CPU
		{D7CBF9F0-6E9A-4AFC-AF24-7A9E710F5B04}.Debug|Mixed Platforms.ActiveCfg = Debug|Any CPU
		{D7CBF9F0-6E9A-4AFC-AF24-7A9E710F5B04}.Debug|Mixed Platforms.Build.0 = Debug|Any CPU
		{D7CBF9F0-6E9A-4AFC-AF24-7A9E710F5B04}.Debug|x86.ActiveCfg = Debug|Any CPU
		{D7CBF9F0-6E9A-4AFC-AF24-7A9E710F5B04}.Debug|x86.Build.0 = Debug|Any CPU
		{D7CBF9F0-6E9A-4AFC-AF24-7A9E710F5B04}.Release|Any CPU.ActiveCfg = Release|Any CPU
		{D7CBF9F0-6E9A-4AFC-AF24-7A9E710F5B04}.Release|Any CPU.Build.0 = Release|Any CPU
		{D7CBF9F0-6E9A-4AFC-AF24-7A9E710F5B04}.Release|Mixed Platforms.ActiveCfg = Release|Any CPU
		{D7CBF9F0-6E9A-4AFC-AF24-7A9E710F5B04}.Release|Mixed Platforms.Build.0 = Release|Any CPU
		{D7CBF9F0-6E9A-4AFC-AF24-7A9E710F5B04}.Release|x86.ActiveCfg = Release|Any CPU
		{D7CBF9F0-6E9A-4AFC-AF24-7A9E710F5B04}.Release|x86.Build.0 = Release|Any CPU
	EndGlobalSection
	GlobalSection(SolutionProperties) = preSolution
		HideSolutionNode = FALSE
	EndGlobalSection
EndGlobal
